// !$*UTF8*$!
{
	archiveVersion = 1;
	classes = {
	};
	objectVersion = 56;
	objects = {

/* Begin PBXBuildFile section */
		3479E0922C10DFF800D7BF22 /* WardrobeAppApp.swift in Sources */ = {isa = PBXBuildFile; fileRef = 3479E0912C10DFF800D7BF22 /* WardrobeAppApp.swift */; };
		3479E0942C10DFF800D7BF22 /* ContentView.swift in Sources */ = {isa = PBXBuildFile; fileRef = 3479E0932C10DFF800D7BF22 /* ContentView.swift */; };
		3479E0962C10DFFB00D7BF22 /* Assets.xcassets in Resources */ = {isa = PBXBuildFile; fileRef = 3479E0952C10DFFB00D7BF22 /* Assets.xcassets */; };
		3479E0992C10DFFB00D7BF22 /* Preview Assets.xcassets in Resources */ = {isa = PBXBuildFile; fileRef = 3479E0982C10DFFB00D7BF22 /* Preview Assets.xcassets */; };
		3479E0A02C10E2E900D7BF22 /* ClothingItem.swift in Sources */ = {isa = PBXBuildFile; fileRef = 3479E09F2C10E2E900D7BF22 /* ClothingItem.swift */; };
		3479E0A22C10E3ED00D7BF22 /* ClothingItemView.swift in Sources */ = {isa = PBXBuildFile; fileRef = 3479E0A12C10E3ED00D7BF22 /* ClothingItemView.swift */; };
		3479E0A42C10EB4B00D7BF22 /* sweaterImage.jpeg in Resources */ = {isa = PBXBuildFile; fileRef = 3479E0A32C10EB4B00D7BF22 /* sweaterImage.jpeg */; };
		3479E0A62C10F43A00D7BF22 /* ClothingViewModel.swift in Sources */ = {isa = PBXBuildFile; fileRef = 3479E0A52C10F43A00D7BF22 /* ClothingViewModel.swift */; };
		3479E0A82C10F51500D7BF22 /* WardrobeView.swift in Sources */ = {isa = PBXBuildFile; fileRef = 3479E0A72C10F51500D7BF22 /* WardrobeView.swift */; };
		3479E0AA2C10F86600D7BF22 /* OutfitSuggestionView.swift in Sources */ = {isa = PBXBuildFile; fileRef = 3479E0A92C10F86600D7BF22 /* OutfitSuggestionView.swift */; };
		3479E0AC2C10F91500D7BF22 /* AddClothingItemButton.swift in Sources */ = {isa = PBXBuildFile; fileRef = 3479E0AB2C10F91500D7BF22 /* AddClothingItemButton.swift */; };
		3479E0AE2C10FEA800D7BF22 /* AddClothingItemView.swift in Sources */ = {isa = PBXBuildFile; fileRef = 3479E0AD2C10FEA800D7BF22 /* AddClothingItemView.swift */; };
		34B8A3A82C121668007DB13F /* ClothingColorPickerView.swift in Sources */ = {isa = PBXBuildFile; fileRef = 34B8A3A72C121668007DB13F /* ClothingColorPickerView.swift */; };
		34B8A3AA2C1217AE007DB13F /* ClothingTypePickerView.swift in Sources */ = {isa = PBXBuildFile; fileRef = 34B8A3A92C1217AE007DB13F /* ClothingTypePickerView.swift */; };
/* End PBXBuildFile section */

/* Begin PBXFileReference section */
		3479E08E2C10DFF800D7BF22 /* WardrobeApp.app */ = {isa = PBXFileReference; explicitFileType = wrapper.application; includeInIndex = 0; path = WardrobeApp.app; sourceTree = BUILT_PRODUCTS_DIR; };
		3479E0912C10DFF800D7BF22 /* WardrobeAppApp.swift */ = {isa = PBXFileReference; lastKnownFileType = sourcecode.swift; path = WardrobeAppApp.swift; sourceTree = "<group>"; };
		3479E0932C10DFF800D7BF22 /* ContentView.swift */ = {isa = PBXFileReference; lastKnownFileType = sourcecode.swift; path = ContentView.swift; sourceTree = "<group>"; };
		3479E0952C10DFFB00D7BF22 /* Assets.xcassets */ = {isa = PBXFileReference; lastKnownFileType = folder.assetcatalog; path = Assets.xcassets; sourceTree = "<group>"; };
		3479E0982C10DFFB00D7BF22 /* Preview Assets.xcassets */ = {isa = PBXFileReference; lastKnownFileType = folder.assetcatalog; path = "Preview Assets.xcassets"; sourceTree = "<group>"; };
		3479E09F2C10E2E900D7BF22 /* ClothingItem.swift */ = {isa = PBXFileReference; lastKnownFileType = sourcecode.swift; path = ClothingItem.swift; sourceTree = "<group>"; };
		3479E0A12C10E3ED00D7BF22 /* ClothingItemView.swift */ = {isa = PBXFileReference; lastKnownFileType = sourcecode.swift; path = ClothingItemView.swift; sourceTree = "<group>"; };
		3479E0A32C10EB4B00D7BF22 /* sweaterImage.jpeg */ = {isa = PBXFileReference; lastKnownFileType = image.jpeg; name = sweaterImage.jpeg; path = ../../../../Downloads/sweaterImage.jpeg; sourceTree = "<group>"; };
		3479E0A52C10F43A00D7BF22 /* ClothingViewModel.swift */ = {isa = PBXFileReference; lastKnownFileType = sourcecode.swift; path = ClothingViewModel.swift; sourceTree = "<group>"; };
		3479E0A72C10F51500D7BF22 /* WardrobeView.swift */ = {isa = PBXFileReference; lastKnownFileType = sourcecode.swift; path = WardrobeView.swift; sourceTree = "<group>"; };
		3479E0A92C10F86600D7BF22 /* OutfitSuggestionView.swift */ = {isa = PBXFileReference; lastKnownFileType = sourcecode.swift; path = OutfitSuggestionView.swift; sourceTree = "<group>"; };
		3479E0AB2C10F91500D7BF22 /* AddClothingItemButton.swift */ = {isa = PBXFileReference; lastKnownFileType = sourcecode.swift; path = AddClothingItemButton.swift; sourceTree = "<group>"; };
		3479E0AD2C10FEA800D7BF22 /* AddClothingItemView.swift */ = {isa = PBXFileReference; lastKnownFileType = sourcecode.swift; path = AddClothingItemView.swift; sourceTree = "<group>"; };
		34B8A3A72C121668007DB13F /* ClothingColorPickerView.swift */ = {isa = PBXFileReference; lastKnownFileType = sourcecode.swift; path = ClothingColorPickerView.swift; sourceTree = "<group>"; };
		34B8A3A92C1217AE007DB13F /* ClothingTypePickerView.swift */ = {isa = PBXFileReference; lastKnownFileType = sourcecode.swift; path = ClothingTypePickerView.swift; sourceTree = "<group>"; };
/* End PBXFileReference section */

/* Begin PBXFrameworksBuildPhase section */
		3479E08B2C10DFF800D7BF22 /* Frameworks */ = {
			isa = PBXFrameworksBuildPhase;
			buildActionMask = 2147483647;
			files = (
			);
			runOnlyForDeploymentPostprocessing = 0;
		};
/* End PBXFrameworksBuildPhase section */

/* Begin PBXGroup section */
		3479E0852C10DFF800D7BF22 = {
			isa = PBXGroup;
			children = (
				3479E0902C10DFF800D7BF22 /* WardrobeApp */,
				3479E08F2C10DFF800D7BF22 /* Products */,
			);
			sourceTree = "<group>";
		};
		3479E08F2C10DFF800D7BF22 /* Products */ = {
			isa = PBXGroup;
			children = (
				3479E08E2C10DFF800D7BF22 /* WardrobeApp.app */,
			);
			name = Products;
			sourceTree = "<group>";
		};
		3479E0902C10DFF800D7BF22 /* WardrobeApp */ = {
			isa = PBXGroup;
			children = (
				3479E0912C10DFF800D7BF22 /* WardrobeAppApp.swift */,
				3479E0932C10DFF800D7BF22 /* ContentView.swift */,
				3479E0AB2C10F91500D7BF22 /* AddClothingItemButton.swift */,
				3479E0AD2C10FEA800D7BF22 /* AddClothingItemView.swift */,
				3479E0A92C10F86600D7BF22 /* OutfitSuggestionView.swift */,
				3479E0952C10DFFB00D7BF22 /* Assets.xcassets */,
				3479E0972C10DFFB00D7BF22 /* Preview Content */,
				3479E09F2C10E2E900D7BF22 /* ClothingItem.swift */,
				3479E0A12C10E3ED00D7BF22 /* ClothingItemView.swift */,
				3479E0A52C10F43A00D7BF22 /* ClothingViewModel.swift */,
				34B8A3A72C121668007DB13F /* ClothingColorPickerView.swift */,
				34B8A3A92C1217AE007DB13F /* ClothingTypePickerView.swift */,
				3479E0A72C10F51500D7BF22 /* WardrobeView.swift */,
				3479E0A32C10EB4B00D7BF22 /* sweaterImage.jpeg */,
			);
			path = WardrobeApp;
			sourceTree = "<group>";
		};
		3479E0972C10DFFB00D7BF22 /* Preview Content */ = {
			isa = PBXGroup;
			children = (
				3479E0982C10DFFB00D7BF22 /* Preview Assets.xcassets */,
			);
			path = "Preview Content";
			sourceTree = "<group>";
		};
/* End PBXGroup section */

/* Begin PBXNativeTarget section */
		3479E08D2C10DFF800D7BF22 /* WardrobeApp */ = {
			isa = PBXNativeTarget;
			buildConfigurationList = 3479E09C2C10DFFB00D7BF22 /* Build configuration list for PBXNativeTarget "WardrobeApp" */;
			buildPhases = (
				3479E08A2C10DFF800D7BF22 /* Sources */,
				3479E08B2C10DFF800D7BF22 /* Frameworks */,
				3479E08C2C10DFF800D7BF22 /* Resources */,
			);
			buildRules = (
			);
			dependencies = (
			);
			name = WardrobeApp;
			productName = WardrobeApp;
			productReference = 3479E08E2C10DFF800D7BF22 /* WardrobeApp.app */;
			productType = "com.apple.product-type.application";
		};
/* End PBXNativeTarget section */

/* Begin PBXProject section */
		3479E0862C10DFF800D7BF22 /* Project object */ = {
			isa = PBXProject;
			attributes = {
				BuildIndependentTargetsInParallel = 1;
				LastSwiftUpdateCheck = 1530;
				LastUpgradeCheck = 1530;
				TargetAttributes = {
					3479E08D2C10DFF800D7BF22 = {
						CreatedOnToolsVersion = 15.3;
					};
				};
			};
			buildConfigurationList = 3479E0892C10DFF800D7BF22 /* Build configuration list for PBXProject "WardrobeApp" */;
			compatibilityVersion = "Xcode 14.0";
			developmentRegion = en;
			hasScannedForEncodings = 0;
			knownRegions = (
				en,
				Base,
			);
			mainGroup = 3479E0852C10DFF800D7BF22;
			productRefGroup = 3479E08F2C10DFF800D7BF22 /* Products */;
			projectDirPath = "";
			projectRoot = "";
			targets = (
				3479E08D2C10DFF800D7BF22 /* WardrobeApp */,
			);
		};
/* End PBXProject section */

/* Begin PBXResourcesBuildPhase section */
		3479E08C2C10DFF800D7BF22 /* Resources */ = {
			isa = PBXResourcesBuildPhase;
			buildActionMask = 2147483647;
			files = (
				3479E0992C10DFFB00D7BF22 /* Preview Assets.xcassets in Resources */,
				3479E0962C10DFFB00D7BF22 /* Assets.xcassets in Resources */,
				3479E0A42C10EB4B00D7BF22 /* sweaterImage.jpeg in Resources */,
			);
			runOnlyForDeploymentPostprocessing = 0;
		};
/* End PBXResourcesBuildPhase section */

/* Begin PBXSourcesBuildPhase section */
		3479E08A2C10DFF800D7BF22 /* Sources */ = {
			isa = PBXSourcesBuildPhase;
			buildActionMask = 2147483647;
			files = (
				34B8A3AA2C1217AE007DB13F /* ClothingTypePickerView.swift in Sources */,
				34B8A3A82C121668007DB13F /* ClothingColorPickerView.swift in Sources */,
				3479E0A02C10E2E900D7BF22 /* ClothingItem.swift in Sources */,
				3479E0AE2C10FEA800D7BF22 /* AddClothingItemView.swift in Sources */,
				3479E0942C10DFF800D7BF22 /* ContentView.swift in Sources */,
				3479E0AC2C10F91500D7BF22 /* AddClothingItemButton.swift in Sources */,
				3479E0A62C10F43A00D7BF22 /* ClothingViewModel.swift in Sources */,
				3479E0922C10DFF800D7BF22 /* WardrobeAppApp.swift in Sources */,
				3479E0A82C10F51500D7BF22 /* WardrobeView.swift in Sources */,
				3479E0A22C10E3ED00D7BF22 /* ClothingItemView.swift in Sources */,
				3479E0AA2C10F86600D7BF22 /* OutfitSuggestionView.swift in Sources */,
			);
			runOnlyForDeploymentPostprocessing = 0;
		};
/* End PBXSourcesBuildPhase section */

/* Begin XCBuildConfiguration section */
		3479E09A2C10DFFB00D7BF22 /* Debug */ = {
			isa = XCBuildConfiguration;
			buildSettings = {
				ALWAYS_SEARCH_USER_PATHS = NO;
				ASSETCATALOG_COMPILER_GENERATE_SWIFT_ASSET_SYMBOL_EXTENSIONS = YES;
				CLANG_ANALYZER_NONNULL = YES;
				CLANG_ANALYZER_NUMBER_OBJECT_CONVERSION = YES_AGGRESSIVE;
				CLANG_CXX_LANGUAGE_STANDARD = "gnu++20";
				CLANG_ENABLE_MODULES = YES;
				CLANG_ENABLE_OBJC_ARC = YES;
				CLANG_ENABLE_OBJC_WEAK = YES;
				CLANG_WARN_BLOCK_CAPTURE_AUTORELEASING = YES;
				CLANG_WARN_BOOL_CONVERSION = YES;
				CLANG_WARN_COMMA = YES;
				CLANG_WARN_CONSTANT_CONVERSION = YES;
				CLANG_WARN_DEPRECATED_OBJC_IMPLEMENTATIONS = YES;
				CLANG_WARN_DIRECT_OBJC_ISA_USAGE = YES_ERROR;
				CLANG_WARN_DOCUMENTATION_COMMENTS = YES;
				CLANG_WARN_EMPTY_BODY = YES;
				CLANG_WARN_ENUM_CONVERSION = YES;
				CLANG_WARN_INFINITE_RECURSION = YES;
				CLANG_WARN_INT_CONVERSION = YES;
				CLANG_WARN_NON_LITERAL_NULL_CONVERSION = YES;
				CLANG_WARN_OBJC_IMPLICIT_RETAIN_SELF = YES;
				CLANG_WARN_OBJC_LITERAL_CONVERSION = YES;
				CLANG_WARN_OBJC_ROOT_CLASS = YES_ERROR;
				CLANG_WARN_QUOTED_INCLUDE_IN_FRAMEWORK_HEADER = YES;
				CLANG_WARN_RANGE_LOOP_ANALYSIS = YES;
				CLANG_WARN_STRICT_PROTOTYPES = YES;
				CLANG_WARN_SUSPICIOUS_MOVE = YES;
				CLANG_WARN_UNGUARDED_AVAILABILITY = YES_AGGRESSIVE;
				CLANG_WARN_UNREACHABLE_CODE = YES;
				CLANG_WARN__DUPLICATE_METHOD_MATCH = YES;
				COPY_PHASE_STRIP = NO;
				DEBUG_INFORMATION_FORMAT = dwarf;
				ENABLE_STRICT_OBJC_MSGSEND = YES;
				ENABLE_TESTABILITY = YES;
				ENABLE_USER_SCRIPT_SANDBOXING = YES;
				GCC_C_LANGUAGE_STANDARD = gnu17;
				GCC_DYNAMIC_NO_PIC = NO;
				GCC_NO_COMMON_BLOCKS = YES;
				GCC_OPTIMIZATION_LEVEL = 0;
				GCC_PREPROCESSOR_DEFINITIONS = (
					"DEBUG=1",
					"$(inherited)",
				);
				GCC_WARN_64_TO_32_BIT_CONVERSION = YES;
				GCC_WARN_ABOUT_RETURN_TYPE = YES_ERROR;
				GCC_WARN_UNDECLARED_SELECTOR = YES;
				GCC_WARN_UNINITIALIZED_AUTOS = YES_AGGRESSIVE;
				GCC_WARN_UNUSED_FUNCTION = YES;
				GCC_WARN_UNUSED_VARIABLE = YES;
				IPHONEOS_DEPLOYMENT_TARGET = 17.4;
				LOCALIZATION_PREFERS_STRING_CATALOGS = YES;
				MTL_ENABLE_DEBUG_INFO = INCLUDE_SOURCE;
				MTL_FAST_MATH = YES;
				ONLY_ACTIVE_ARCH = YES;
				SDKROOT = iphoneos;
				SWIFT_ACTIVE_COMPILATION_CONDITIONS = "DEBUG $(inherited)";
				SWIFT_OPTIMIZATION_LEVEL = "-Onone";
			};
			name = Debug;
		};
		3479E09B2C10DFFB00D7BF22 /* Release */ = {
			isa = XCBuildConfiguration;
			buildSettings = {
				ALWAYS_SEARCH_USER_PATHS = NO;
				ASSETCATALOG_COMPILER_GENERATE_SWIFT_ASSET_SYMBOL_EXTENSIONS = YES;
				CLANG_ANALYZER_NONNULL = YES;
				CLANG_ANALYZER_NUMBER_OBJECT_CONVERSION = YES_AGGRESSIVE;
				CLANG_CXX_LANGUAGE_STANDARD = "gnu++20";
				CLANG_ENABLE_MODULES = YES;
				CLANG_ENABLE_OBJC_ARC = YES;
				CLANG_ENABLE_OBJC_WEAK = YES;
				CLANG_WARN_BLOCK_CAPTURE_AUTORELEASING = YES;
				CLANG_WARN_BOOL_CONVERSION = YES;
				CLANG_WARN_COMMA = YES;
				CLANG_WARN_CONSTANT_CONVERSION = YES;
				CLANG_WARN_DEPRECATED_OBJC_IMPLEMENTATIONS = YES;
				CLANG_WARN_DIRECT_OBJC_ISA_USAGE = YES_ERROR;
				CLANG_WARN_DOCUMENTATION_COMMENTS = YES;
				CLANG_WARN_EMPTY_BODY = YES;
				CLANG_WARN_ENUM_CONVERSION = YES;
				CLANG_WARN_INFINITE_RECURSION = YES;
				CLANG_WARN_INT_CONVERSION = YES;
				CLANG_WARN_NON_LITERAL_NULL_CONVERSION = YES;
				CLANG_WARN_OBJC_IMPLICIT_RETAIN_SELF = YES;
				CLANG_WARN_OBJC_LITERAL_CONVERSION = YES;
				CLANG_WARN_OBJC_ROOT_CLASS = YES_ERROR;
				CLANG_WARN_QUOTED_INCLUDE_IN_FRAMEWORK_HEADER = YES;
				CLANG_WARN_RANGE_LOOP_ANALYSIS = YES;
				CLANG_WARN_STRICT_PROTOTYPES = YES;
				CLANG_WARN_SUSPICIOUS_MOVE = YES;
				CLANG_WARN_UNGUARDED_AVAILABILITY = YES_AGGRESSIVE;
				CLANG_WARN_UNREACHABLE_CODE = YES;
				CLANG_WARN__DUPLICATE_METHOD_MATCH = YES;
				COPY_PHASE_STRIP = NO;
				DEBUG_INFORMATION_FORMAT = "dwarf-with-dsym";
				ENABLE_NS_ASSERTIONS = NO;
				ENABLE_STRICT_OBJC_MSGSEND = YES;
				ENABLE_USER_SCRIPT_SANDBOXING = YES;
				GCC_C_LANGUAGE_STANDARD = gnu17;
				GCC_NO_COMMON_BLOCKS = YES;
				GCC_WARN_64_TO_32_BIT_CONVERSION = YES;
				GCC_WARN_ABOUT_RETURN_TYPE = YES_ERROR;
				GCC_WARN_UNDECLARED_SELECTOR = YES;
				GCC_WARN_UNINITIALIZED_AUTOS = YES_AGGRESSIVE;
				GCC_WARN_UNUSED_FUNCTION = YES;
				GCC_WARN_UNUSED_VARIABLE = YES;
				IPHONEOS_DEPLOYMENT_TARGET = 17.4;
				LOCALIZATION_PREFERS_STRING_CATALOGS = YES;
				MTL_ENABLE_DEBUG_INFO = NO;
				MTL_FAST_MATH = YES;
				SDKROOT = iphoneos;
				SWIFT_COMPILATION_MODE = wholemodule;
				VALIDATE_PRODUCT = YES;
			};
			name = Release;
		};
		3479E09D2C10DFFB00D7BF22 /* Debug */ = {
			isa = XCBuildConfiguration;
			buildSettings = {
				ASSETCATALOG_COMPILER_APPICON_NAME = AppIcon;
				ASSETCATALOG_COMPILER_GLOBAL_ACCENT_COLOR_NAME = AccentColor;
				CODE_SIGN_STYLE = Automatic;
				CURRENT_PROJECT_VERSION = 1;
				DEVELOPMENT_ASSET_PATHS = "\"WardrobeApp/Preview Content\"";
				ENABLE_PREVIEWS = YES;
				GENERATE_INFOPLIST_FILE = YES;
				INFOPLIST_KEY_UIApplicationSceneManifest_Generation = YES;
				INFOPLIST_KEY_UIApplicationSupportsIndirectInputEvents = YES;
				INFOPLIST_KEY_UILaunchScreen_Generation = YES;
				INFOPLIST_KEY_UISupportedInterfaceOrientations_iPad = "UIInterfaceOrientationPortrait UIInterfaceOrientationPortraitUpsideDown UIInterfaceOrientationLandscapeLeft UIInterfaceOrientationLandscapeRight";
				INFOPLIST_KEY_UISupportedInterfaceOrientations_iPhone = "UIInterfaceOrientationPortrait UIInterfaceOrientationLandscapeLeft UIInterfaceOrientationLandscapeRight";
				LD_RUNPATH_SEARCH_PATHS = (
					"$(inherited)",
					"@executable_path/Frameworks",
				);
				MARKETING_VERSION = 1.0;
				PRODUCT_BUNDLE_IDENTIFIER = "Paul-Becker.WardrobeApp";
				PRODUCT_NAME = "$(TARGET_NAME)";
				SWIFT_EMIT_LOC_STRINGS = YES;
				SWIFT_VERSION = 5.0;
				TARGETED_DEVICE_FAMILY = "1,2";
			};
			name = Debug;
		};
		3479E09E2C10DFFB00D7BF22 /* Release */ = {
			isa = XCBuildConfiguration;
			buildSettings = {
				ASSETCATALOG_COMPILER_APPICON_NAME = AppIcon;
				ASSETCATALOG_COMPILER_GLOBAL_ACCENT_COLOR_NAME = AccentColor;
				CODE_SIGN_STYLE = Automatic;
				CURRENT_PROJECT_VERSION = 1;
				DEVELOPMENT_ASSET_PATHS = "\"WardrobeApp/Preview Content\"";
				ENABLE_PREVIEWS = YES;
				GENERATE_INFOPLIST_FILE = YES;
				INFOPLIST_KEY_UIApplicationSceneManifest_Generation = YES;
				INFOPLIST_KEY_UIApplicationSupportsIndirectInputEvents = YES;
				INFOPLIST_KEY_UILaunchScreen_Generation = YES;
				INFOPLIST_KEY_UISupportedInterfaceOrientations_iPad = "UIInterfaceOrientationPortrait UIInterfaceOrientationPortraitUpsideDown UIInterfaceOrientationLandscapeLeft UIInterfaceOrientationLandscapeRight";
				INFOPLIST_KEY_UISupportedInterfaceOrientations_iPhone = "UIInterfaceOrientationPortrait UIInterfaceOrientationLandscapeLeft UIInterfaceOrientationLandscapeRight";
				LD_RUNPATH_SEARCH_PATHS = (
					"$(inherited)",
					"@executable_path/Frameworks",
				);
				MARKETING_VERSION = 1.0;
				PRODUCT_BUNDLE_IDENTIFIER = "Paul-Becker.WardrobeApp";
				PRODUCT_NAME = "$(TARGET_NAME)";
				SWIFT_EMIT_LOC_STRINGS = YES;
				SWIFT_VERSION = 5.0;
				TARGETED_DEVICE_FAMILY = "1,2";
			};
			name = Release;
		};
/* End XCBuildConfiguration section */

/* Begin XCConfigurationList section */
		3479E0892C10DFF800D7BF22 /* Build configuration list for PBXProject "WardrobeApp" */ = {
			isa = XCConfigurationList;
			buildConfigurations = (
				3479E09A2C10DFFB00D7BF22 /* Debug */,
				3479E09B2C10DFFB00D7BF22 /* Release */,
			);
			defaultConfigurationIsVisible = 0;
			defaultConfigurationName = Release;
		};
		3479E09C2C10DFFB00D7BF22 /* Build configuration list for PBXNativeTarget "WardrobeApp" */ = {
			isa = XCConfigurationList;
			buildConfigurations = (
				3479E09D2C10DFFB00D7BF22 /* Debug */,
				3479E09E2C10DFFB00D7BF22 /* Release */,
			);
			defaultConfigurationIsVisible = 0;
			defaultConfigurationName = Release;
		};
/* End XCConfigurationList section */
	};
	rootObject = 3479E0862C10DFF800D7BF22 /* Project object */;
}
